
Microsoft Visual Studio Solution File, Format Version 12.00
# Visual Studio Version 18
VisualStudioVersion = 18.2.11415.280
MinimumVisualStudioVersion = 10.0.40219.1
Project("{FAE04EC0-301F-11D3-BF4B-00C04F79EFBC}") = "GodsEye.API", "GodsEye.API\GodsEye.API.csproj", "{D6F170DF-FEFE-5396-954F-54690F15F38A}"
EndProject
Project("{FAE04EC0-301F-11D3-BF4B-00C04F79EFBC}") = "GodsEye.WEB", "GodsEye.WEB\GodsEye.WEB.csproj", "{7D3077EF-0DEB-490C-EB16-0ABE9F63ECE1}"
EndProject
Project("{2150E333-8FDC-42A3-9474-1A3956D46DE8}") = "Itens de Solução", "Itens de Solução", "{EECE7113-AC54-4A4A-90AF-7BEE2279FFBE}"
	ProjectSection(SolutionItems) = preProject
		meus_atalhos.json = meus_atalhos.json
	EndProjectSection
EndProject
Project("{FAE04EC0-301F-11D3-BF4B-00C04F79EFBC}") = "GodsEye.Shared", "GodsEye.Shared\GodsEye.Shared.csproj", "{6D183FAB-B06E-49B4-921B-937EF6971139}"
EndProject
Global
	GlobalSection(SolutionConfigurationPlatforms) = preSolution
		Debug|Any CPU = Debug|Any CPU
		Release|Any CPU = Release|Any CPU
	EndGlobalSection
	GlobalSection(ProjectConfigurationPlatforms) = postSolution
		{D6F170DF-FEFE-5396-954F-54690F15F38A}.Debug|Any CPU.ActiveCfg = Debug|Any CPU
		{D6F170DF-FEFE-5396-954F-54690F15F38A}.Debug|Any CPU.Build.0 = Debug|Any CPU
		{D6F170DF-FEFE-5396-954F-54690F15F38A}.Release|Any CPU.ActiveCfg = Release|Any CPU
		{D6F170DF-FEFE-5396-954F-54690F15F38A}.Release|Any CPU.Build.0 = Release|Any CPU
		{7D3077EF-0DEB-490C-EB16-0ABE9F63ECE1}.Debug|Any CPU.ActiveCfg = Debug|Any CPU
		{7D3077EF-0DEB-490C-EB16-0ABE9F63ECE1}.Debug|Any CPU.Build.0 = Debug|Any CPU
		{7D3077EF-0DEB-490C-EB16-0ABE9F63ECE1}.Release|Any CPU.ActiveCfg = Release|Any CPU
		{7D3077EF-0DEB-490C-EB16-0ABE9F63ECE1}.Release|Any CPU.Build.0 = Release|Any CPU
		{6D183FAB-B06E-49B4-921B-937EF6971139}.Debug|Any CPU.ActiveCfg = Debug|Any CPU
		{6D183FAB-B06E-49B4-921B-937EF6971139}.Debug|Any CPU.Build.0 = Debug|Any CPU
		{6D183FAB-B06E-49B4-921B-937EF6971139}.Release|Any CPU.ActiveCfg = Release|Any CPU
		{6D183FAB-B06E-49B4-921B-937EF6971139}.Release|Any CPU.Build.0 = Release|Any CPU
	EndGlobalSection
	GlobalSection(SolutionProperties) = preSolution
		HideSolutionNode = FALSE
	EndGlobalSection
	GlobalSection(ExtensibilityGlobals) = postSolution
		SolutionGuid = {3E5DDA6C-5D67-4E82-B7F5-414677D6D107}
	EndGlobalSection
EndGlobal
